
Microsoft Visual Studio Solution File, Format Version 12.00
# Visual Studio 2012
Project("{FAE04EC0-301F-11D3-BF4B-00C04F79EFBC}") = "InvoiceTracker", "InvoiceTracker.csproj", "{82BF33E3-199A-462A-ABD8-6DA1FD7C023F}"
EndProject
Project("{FAE04EC0-301F-11D3-BF4B-00C04F79EFBC}") = "InvoiceTracker_2_Test", "InvoiceTracker_2_Test\InvoiceTracker_2_Test.csproj", "{034889C7-6EED-43F2-AF02-092DB68615FF}"
EndProject
Global
	GlobalSection(SolutionConfigurationPlatforms) = preSolution
		Debug|Any CPU = Debug|Any CPU
		Release|Any CPU = Release|Any CPU
	EndGlobalSection
	GlobalSection(ProjectConfigurationPlatforms) = postSolution
		{82BF33E3-199A-462A-ABD8-6DA1FD7C023F}.Debug|Any CPU.ActiveCfg = Debug|Any CPU
		{82BF33E3-199A-462A-ABD8-6DA1FD7C023F}.Debug|Any CPU.Build.0 = Debug|Any CPU
		{82BF33E3-199A-462A-ABD8-6DA1FD7C023F}.Release|Any CPU.ActiveCfg = Release|Any CPU
		{82BF33E3-199A-462A-ABD8-6DA1FD7C023F}.Release|Any CPU.Build.0 = Release|Any CPU
		{034889C7-6EED-43F2-AF02-092DB68615FF}.Debug|Any CPU.ActiveCfg = Debug|Any CPU
		{034889C7-6EED-43F2-AF02-092DB68615FF}.Debug|Any CPU.Build.0 = Debug|Any CPU
		{034889C7-6EED-43F2-AF02-092DB68615FF}.Release|Any CPU.ActiveCfg = Release|Any CPU
		{034889C7-6EED-43F2-AF02-092DB68615FF}.Release|Any CPU.Build.0 = Release|Any CPU
	EndGlobalSection
	GlobalSection(SolutionProperties) = preSolution
		HideSolutionNode = FALSE
	EndGlobalSection
EndGlobal
